
Microsoft Visual Studio Solution File, Format Version 12.00
# Visual Studio Version 17
VisualStudioVersion = 17.13.35818.85 d17.13
MinimumVisualStudioVersion = 10.0.40219.1
Project("{FAE04EC0-301F-11D3-BF4B-00C04F79EFBC}") = "CryptoApi.Api", "CryptoApi\CryptoApi.Api.csproj", "{E6A7B9C3-FC81-4634-8FD9-1C5E36228013}"
EndProject
Project("{FAE04EC0-301F-11D3-BF4B-00C04F79EFBC}") = "CryptoApi.Presentation", "CryptoApi.Presentation\CryptoApi.Presentation.csproj", "{DD6AB732-6D43-4579-AAAD-6832D3336EB1}"
EndProject
Project("{FAE04EC0-301F-11D3-BF4B-00C04F79EFBC}") = "CryptoApi.Application", "CryptoApi.Application\CryptoApi.Application.csproj", "{74892966-F3BA-47C0-9FB9-8AC3007A98E8}"
EndProject
Project("{FAE04EC0-301F-11D3-BF4B-00C04F79EFBC}") = "CryptoApi.Infrastructure", "CryptoApi.Infrastructure\CryptoApi.Infrastructure.csproj", "{D8E2150B-9D1A-46EC-AF56-4A9B33D38C0F}"
EndProject
Project("{FAE04EC0-301F-11D3-BF4B-00C04F79EFBC}") = "CryptoApi.Domain", "CryptoApi.Domain\CryptoApi.Domain.csproj", "{D6AD3F98-049C-4571-9524-2CBEEAC0A7DE}"
EndProject
Project("{FAE04EC0-301F-11D3-BF4B-00C04F79EFBC}") = "CryptoApi.CrossCutting", "CryptoApi.CrossCutting\CryptoApi.CrossCutting.csproj", "{8E68BAC2-04CE-4546-9569-F4DDBCB007ED}"
EndProject
Project("{FAE04EC0-301F-11D3-BF4B-00C04F79EFBC}") = "CryptoApi.Tests", "CryptoApi.Tests\CryptoApi.Tests.csproj", "{94CCA747-08F2-4B84-9972-CA43C58AC076}"
EndProject
Global
	GlobalSection(SolutionConfigurationPlatforms) = preSolution
		Debug|Any CPU = Debug|Any CPU
		Release|Any CPU = Release|Any CPU
	EndGlobalSection
	GlobalSection(ProjectConfigurationPlatforms) = postSolution
		{E6A7B9C3-FC81-4634-8FD9-1C5E36228013}.Debug|Any CPU.ActiveCfg = Debug|Any CPU
		{E6A7B9C3-FC81-4634-8FD9-1C5E36228013}.Debug|Any CPU.Build.0 = Debug|Any CPU
		{E6A7B9C3-FC81-4634-8FD9-1C5E36228013}.Release|Any CPU.ActiveCfg = Release|Any CPU
		{E6A7B9C3-FC81-4634-8FD9-1C5E36228013}.Release|Any CPU.Build.0 = Release|Any CPU
		{DD6AB732-6D43-4579-AAAD-6832D3336EB1}.Debug|Any CPU.ActiveCfg = Debug|Any CPU
		{DD6AB732-6D43-4579-AAAD-6832D3336EB1}.Debug|Any CPU.Build.0 = Debug|Any CPU
		{DD6AB732-6D43-4579-AAAD-6832D3336EB1}.Release|Any CPU.ActiveCfg = Release|Any CPU
		{DD6AB732-6D43-4579-AAAD-6832D3336EB1}.Release|Any CPU.Build.0 = Release|Any CPU
		{74892966-F3BA-47C0-9FB9-8AC3007A98E8}.Debug|Any CPU.ActiveCfg = Debug|Any CPU
		{74892966-F3BA-47C0-9FB9-8AC3007A98E8}.Debug|Any CPU.Build.0 = Debug|Any CPU
		{74892966-F3BA-47C0-9FB9-8AC3007A98E8}.Release|Any CPU.ActiveCfg = Release|Any CPU
		{74892966-F3BA-47C0-9FB9-8AC3007A98E8}.Release|Any CPU.Build.0 = Release|Any CPU
		{D8E2150B-9D1A-46EC-AF56-4A9B33D38C0F}.Debug|Any CPU.ActiveCfg = Debug|Any CPU
		{D8E2150B-9D1A-46EC-AF56-4A9B33D38C0F}.Debug|Any CPU.Build.0 = Debug|Any CPU
		{D8E2150B-9D1A-46EC-AF56-4A9B33D38C0F}.Release|Any CPU.ActiveCfg = Release|Any CPU
		{D8E2150B-9D1A-46EC-AF56-4A9B33D38C0F}.Release|Any CPU.Build.0 = Release|Any CPU
		{D6AD3F98-049C-4571-9524-2CBEEAC0A7DE}.Debug|Any CPU.ActiveCfg = Debug|Any CPU
		{D6AD3F98-049C-4571-9524-2CBEEAC0A7DE}.Debug|Any CPU.Build.0 = Debug|Any CPU
		{D6AD3F98-049C-4571-9524-2CBEEAC0A7DE}.Release|Any CPU.ActiveCfg = Release|Any CPU
		{D6AD3F98-049C-4571-9524-2CBEEAC0A7DE}.Release|Any CPU.Build.0 = Release|Any CPU
		{8E68BAC2-04CE-4546-9569-F4DDBCB007ED}.Debug|Any CPU.ActiveCfg = Debug|Any CPU
		{8E68BAC2-04CE-4546-9569-F4DDBCB007ED}.Debug|Any CPU.Build.0 = Debug|Any CPU
		{8E68BAC2-04CE-4546-9569-F4DDBCB007ED}.Release|Any CPU.ActiveCfg = Release|Any CPU
		{8E68BAC2-04CE-4546-9569-F4DDBCB007ED}.Release|Any CPU.Build.0 = Release|Any CPU
		{94CCA747-08F2-4B84-9972-CA43C58AC076}.Debug|Any CPU.ActiveCfg = Debug|Any CPU
		{94CCA747-08F2-4B84-9972-CA43C58AC076}.Debug|Any CPU.Build.0 = Debug|Any CPU
		{94CCA747-08F2-4B84-9972-CA43C58AC076}.Release|Any CPU.ActiveCfg = Release|Any CPU
		{94CCA747-08F2-4B84-9972-CA43C58AC076}.Release|Any CPU.Build.0 = Release|Any CPU
	EndGlobalSection
	GlobalSection(SolutionProperties) = preSolution
		HideSolutionNode = FALSE
	EndGlobalSection
	GlobalSection(ExtensibilityGlobals) = postSolution
		SolutionGuid = {CF2AA48D-C682-4C94-8409-5A9209E2C250}
	EndGlobalSection
EndGlobal
